
Microsoft Visual Studio Solution File, Format Version 12.00
# Visual Studio Version 17
VisualStudioVersion = 17.5.002.0
MinimumVisualStudioVersion = 10.0.40219.1
Project("{9A19103F-16F7-4668-BE54-9A1E7A4F7556}") = "Flog.App", "App\Flog.App.csproj", "{2DA2B481-645A-4E28-8372-4A6B153571BB}"
EndProject
Project("{9A19103F-16F7-4668-BE54-9A1E7A4F7556}") = "Contracts", "Contracts\Contracts.csproj", "{5DA02132-C0B9-45E3-A532-C64604B63A13}"
EndProject
Project("{9A19103F-16F7-4668-BE54-9A1E7A4F7556}") = "Entities", "Entities\Entities.csproj", "{63A3C2F4-90BD-4C6B-9546-207572D83F42}"
EndProject
Project("{9A19103F-16F7-4668-BE54-9A1E7A4F7556}") = "Repository", "Repository\Repository.csproj", "{329E517A-B26D-4423-B48F-492A2EA30368}"
EndProject
Global
	GlobalSection(SolutionConfigurationPlatforms) = preSolution
		Debug|Any CPU = Debug|Any CPU
		Release|Any CPU = Release|Any CPU
	EndGlobalSection
	GlobalSection(ProjectConfigurationPlatforms) = postSolution
		{2DA2B481-645A-4E28-8372-4A6B153571BB}.Debug|Any CPU.ActiveCfg = Debug|Any CPU
		{2DA2B481-645A-4E28-8372-4A6B153571BB}.Debug|Any CPU.Build.0 = Debug|Any CPU
		{2DA2B481-645A-4E28-8372-4A6B153571BB}.Release|Any CPU.ActiveCfg = Release|Any CPU
		{2DA2B481-645A-4E28-8372-4A6B153571BB}.Release|Any CPU.Build.0 = Release|Any CPU
		{5DA02132-C0B9-45E3-A532-C64604B63A13}.Debug|Any CPU.ActiveCfg = Debug|Any CPU
		{5DA02132-C0B9-45E3-A532-C64604B63A13}.Debug|Any CPU.Build.0 = Debug|Any CPU
		{5DA02132-C0B9-45E3-A532-C64604B63A13}.Release|Any CPU.ActiveCfg = Release|Any CPU
		{5DA02132-C0B9-45E3-A532-C64604B63A13}.Release|Any CPU.Build.0 = Release|Any CPU
		{63A3C2F4-90BD-4C6B-9546-207572D83F42}.Debug|Any CPU.ActiveCfg = Debug|Any CPU
		{63A3C2F4-90BD-4C6B-9546-207572D83F42}.Debug|Any CPU.Build.0 = Debug|Any CPU
		{63A3C2F4-90BD-4C6B-9546-207572D83F42}.Release|Any CPU.ActiveCfg = Release|Any CPU
		{63A3C2F4-90BD-4C6B-9546-207572D83F42}.Release|Any CPU.Build.0 = Release|Any CPU
		{329E517A-B26D-4423-B48F-492A2EA30368}.Debug|Any CPU.ActiveCfg = Debug|Any CPU
		{329E517A-B26D-4423-B48F-492A2EA30368}.Debug|Any CPU.Build.0 = Debug|Any CPU
		{329E517A-B26D-4423-B48F-492A2EA30368}.Release|Any CPU.ActiveCfg = Release|Any CPU
		{329E517A-B26D-4423-B48F-492A2EA30368}.Release|Any CPU.Build.0 = Release|Any CPU
	EndGlobalSection
	GlobalSection(SolutionProperties) = preSolution
		HideSolutionNode = FALSE
	EndGlobalSection
	GlobalSection(ExtensibilityGlobals) = postSolution
		SolutionGuid = {9E11C363-76BD-4F07-AA07-C85C1F2F4DB0}
	EndGlobalSection
EndGlobal
