
Microsoft Visual Studio Solution File, Format Version 12.00
# Visual Studio Version 17
VisualStudioVersion = 17.5.002.0
MinimumVisualStudioVersion = 10.0.40219.1
Project("{FAE04EC0-301F-11D3-BF4B-00C04F79EFBC}") = "Flog.Contracts", "Flog.Contracts\Flog.Contracts.csproj", "{F320D5D9-4A75-4F86-A3B8-AFCCDE498BF2}"
EndProject
Project("{FAE04EC0-301F-11D3-BF4B-00C04F79EFBC}") = "Flog.Entity", "Flog.Entity\Flog.Entity.csproj", "{3965CC73-EEB6-44C6-9997-9B07877E9E1E}"
EndProject
Project("{FAE04EC0-301F-11D3-BF4B-00C04F79EFBC}") = "Flog.API", "Flog.API\Flog.API.csproj", "{CF786FE4-6DC7-4CAE-9CD1-9A15E370569B}"
EndProject
Project("{FAE04EC0-301F-11D3-BF4B-00C04F79EFBC}") = "Flog.Repository", "Flog.Repository\Flog.Repository.csproj", "{A8C64529-2B6A-4C97-AE2F-B65B7720028A}"
EndProject
Global
	GlobalSection(SolutionConfigurationPlatforms) = preSolution
		Debug|Any CPU = Debug|Any CPU
		Release|Any CPU = Release|Any CPU
	EndGlobalSection
	GlobalSection(ProjectConfigurationPlatforms) = postSolution
		{F320D5D9-4A75-4F86-A3B8-AFCCDE498BF2}.Debug|Any CPU.ActiveCfg = Debug|Any CPU
		{F320D5D9-4A75-4F86-A3B8-AFCCDE498BF2}.Debug|Any CPU.Build.0 = Debug|Any CPU
		{F320D5D9-4A75-4F86-A3B8-AFCCDE498BF2}.Release|Any CPU.ActiveCfg = Release|Any CPU
		{F320D5D9-4A75-4F86-A3B8-AFCCDE498BF2}.Release|Any CPU.Build.0 = Release|Any CPU
		{3965CC73-EEB6-44C6-9997-9B07877E9E1E}.Debug|Any CPU.ActiveCfg = Debug|Any CPU
		{3965CC73-EEB6-44C6-9997-9B07877E9E1E}.Debug|Any CPU.Build.0 = Debug|Any CPU
		{3965CC73-EEB6-44C6-9997-9B07877E9E1E}.Release|Any CPU.ActiveCfg = Release|Any CPU
		{3965CC73-EEB6-44C6-9997-9B07877E9E1E}.Release|Any CPU.Build.0 = Release|Any CPU
		{CF786FE4-6DC7-4CAE-9CD1-9A15E370569B}.Debug|Any CPU.ActiveCfg = Debug|Any CPU
		{CF786FE4-6DC7-4CAE-9CD1-9A15E370569B}.Debug|Any CPU.Build.0 = Debug|Any CPU
		{CF786FE4-6DC7-4CAE-9CD1-9A15E370569B}.Release|Any CPU.ActiveCfg = Release|Any CPU
		{CF786FE4-6DC7-4CAE-9CD1-9A15E370569B}.Release|Any CPU.Build.0 = Release|Any CPU
		{A8C64529-2B6A-4C97-AE2F-B65B7720028A}.Debug|Any CPU.ActiveCfg = Debug|Any CPU
		{A8C64529-2B6A-4C97-AE2F-B65B7720028A}.Debug|Any CPU.Build.0 = Debug|Any CPU
		{A8C64529-2B6A-4C97-AE2F-B65B7720028A}.Release|Any CPU.ActiveCfg = Release|Any CPU
		{A8C64529-2B6A-4C97-AE2F-B65B7720028A}.Release|Any CPU.Build.0 = Release|Any CPU
	EndGlobalSection
	GlobalSection(SolutionProperties) = preSolution
		HideSolutionNode = FALSE
	EndGlobalSection
	GlobalSection(ExtensibilityGlobals) = postSolution
		SolutionGuid = {9E11C363-76BD-4F07-AA07-C85C1F2F4DB0}
	EndGlobalSection
EndGlobal
